
Microsoft Visual Studio Solution File, Format Version 12.00
# Visual Studio Version 16
VisualStudioVersion = 16.0.29306.81
MinimumVisualStudioVersion = 10.0.40219.1
Project("{2150E333-8FDC-42A3-9474-1A3956D46DE8}") = "Domain", "Domain", "{B930361A-C656-4951-8A10-DD63142AD668}"
EndProject
Project("{2150E333-8FDC-42A3-9474-1A3956D46DE8}") = "Data", "Data", "{9F1A6B44-2B7B-4732-AAD8-8F9513FD8460}"
EndProject
Project("{2150E333-8FDC-42A3-9474-1A3956D46DE8}") = "Logic", "Logic", "{11A0C8D9-4E92-4D63-9A7D-167B303E9C5A}"
EndProject
Project("{2150E333-8FDC-42A3-9474-1A3956D46DE8}") = "UI", "UI", "{9F86F023-45AA-40DA-B962-A6DCA0694E9E}"
EndProject
Project("{FAE04EC0-301F-11D3-BF4B-00C04F79EFBC}") = "ppedv.UniversalBookManager.Domain", "ppedv.UniversalBookManager.Domain\ppedv.UniversalBookManager.Domain.csproj", "{868A3D1A-3BE7-4C9B-B2F7-4E304347BE78}"
EndProject
Project("{FAE04EC0-301F-11D3-BF4B-00C04F79EFBC}") = "ppedv.UniversalBookManager.Data.EF", "ppedv.UniversalBookManager.Data.EF\ppedv.UniversalBookManager.Data.EF.csproj", "{FE9A0AB7-2052-4C70-A17E-E8093E43E3DD}"
EndProject
Project("{FAE04EC0-301F-11D3-BF4B-00C04F79EFBC}") = "ppedv.UniversalBookManager.Data.EF.Tests", "ppedv.UniversalBookManager.Data.EF.Tests\ppedv.UniversalBookManager.Data.EF.Tests.csproj", "{55F7E1A6-F385-4E82-AA35-11CC306B16A3}"
EndProject
Project("{FAE04EC0-301F-11D3-BF4B-00C04F79EFBC}") = "ppedv.UniversalBookManager.Logic", "ppedv.UniversalBookManager.Logic\ppedv.UniversalBookManager.Logic.csproj", "{F10B5757-E5E9-4C1F-AE33-8ABA65CC9E85}"
EndProject
Project("{FAE04EC0-301F-11D3-BF4B-00C04F79EFBC}") = "ppedv.UniversalBookManager.UI.Konsole", "ppedv.UniversalBookManager.UI.Konsole\ppedv.UniversalBookManager.UI.Konsole.csproj", "{FB70CC77-5E4E-4CD5-962A-99BD34433EA5}"
EndProject
Global
	GlobalSection(SolutionConfigurationPlatforms) = preSolution
		Debug|Any CPU = Debug|Any CPU
		Release|Any CPU = Release|Any CPU
	EndGlobalSection
	GlobalSection(ProjectConfigurationPlatforms) = postSolution
		{868A3D1A-3BE7-4C9B-B2F7-4E304347BE78}.Debug|Any CPU.ActiveCfg = Debug|Any CPU
		{868A3D1A-3BE7-4C9B-B2F7-4E304347BE78}.Debug|Any CPU.Build.0 = Debug|Any CPU
		{868A3D1A-3BE7-4C9B-B2F7-4E304347BE78}.Release|Any CPU.ActiveCfg = Release|Any CPU
		{868A3D1A-3BE7-4C9B-B2F7-4E304347BE78}.Release|Any CPU.Build.0 = Release|Any CPU
		{FE9A0AB7-2052-4C70-A17E-E8093E43E3DD}.Debug|Any CPU.ActiveCfg = Debug|Any CPU
		{FE9A0AB7-2052-4C70-A17E-E8093E43E3DD}.Debug|Any CPU.Build.0 = Debug|Any CPU
		{FE9A0AB7-2052-4C70-A17E-E8093E43E3DD}.Release|Any CPU.ActiveCfg = Release|Any CPU
		{FE9A0AB7-2052-4C70-A17E-E8093E43E3DD}.Release|Any CPU.Build.0 = Release|Any CPU
		{55F7E1A6-F385-4E82-AA35-11CC306B16A3}.Debug|Any CPU.ActiveCfg = Debug|Any CPU
		{55F7E1A6-F385-4E82-AA35-11CC306B16A3}.Debug|Any CPU.Build.0 = Debug|Any CPU
		{55F7E1A6-F385-4E82-AA35-11CC306B16A3}.Release|Any CPU.ActiveCfg = Release|Any CPU
		{55F7E1A6-F385-4E82-AA35-11CC306B16A3}.Release|Any CPU.Build.0 = Release|Any CPU
		{F10B5757-E5E9-4C1F-AE33-8ABA65CC9E85}.Debug|Any CPU.ActiveCfg = Debug|Any CPU
		{F10B5757-E5E9-4C1F-AE33-8ABA65CC9E85}.Debug|Any CPU.Build.0 = Debug|Any CPU
		{F10B5757-E5E9-4C1F-AE33-8ABA65CC9E85}.Release|Any CPU.ActiveCfg = Release|Any CPU
		{F10B5757-E5E9-4C1F-AE33-8ABA65CC9E85}.Release|Any CPU.Build.0 = Release|Any CPU
		{FB70CC77-5E4E-4CD5-962A-99BD34433EA5}.Debug|Any CPU.ActiveCfg = Debug|Any CPU
		{FB70CC77-5E4E-4CD5-962A-99BD34433EA5}.Debug|Any CPU.Build.0 = Debug|Any CPU
		{FB70CC77-5E4E-4CD5-962A-99BD34433EA5}.Release|Any CPU.ActiveCfg = Release|Any CPU
		{FB70CC77-5E4E-4CD5-962A-99BD34433EA5}.Release|Any CPU.Build.0 = Release|Any CPU
	EndGlobalSection
	GlobalSection(SolutionProperties) = preSolution
		HideSolutionNode = FALSE
	EndGlobalSection
	GlobalSection(NestedProjects) = preSolution
		{868A3D1A-3BE7-4C9B-B2F7-4E304347BE78} = {B930361A-C656-4951-8A10-DD63142AD668}
		{FE9A0AB7-2052-4C70-A17E-E8093E43E3DD} = {9F1A6B44-2B7B-4732-AAD8-8F9513FD8460}
		{55F7E1A6-F385-4E82-AA35-11CC306B16A3} = {9F1A6B44-2B7B-4732-AAD8-8F9513FD8460}
		{F10B5757-E5E9-4C1F-AE33-8ABA65CC9E85} = {11A0C8D9-4E92-4D63-9A7D-167B303E9C5A}
		{FB70CC77-5E4E-4CD5-962A-99BD34433EA5} = {9F86F023-45AA-40DA-B962-A6DCA0694E9E}
	EndGlobalSection
	GlobalSection(ExtensibilityGlobals) = postSolution
		SolutionGuid = {719CD482-4663-47B4-90DE-56B044475EB8}
	EndGlobalSection
EndGlobal
