
Microsoft Visual Studio Solution File, Format Version 12.00
# Visual Studio Version 16
VisualStudioVersion = 16.0.29318.209
MinimumVisualStudioVersion = 10.0.40219.1
Project("{FAE04EC0-301F-11D3-BF4B-00C04F79EFBC}") = "TPL_Demo", "TPL_Demo\TPL_Demo.csproj", "{21FB6DCC-A600-4E8F-9709-E4DC7F160EC4}"
EndProject
Project("{FAE04EC0-301F-11D3-BF4B-00C04F79EFBC}") = "Async_Await_Demo", "Async_Await_Demo\Async_Await_Demo.csproj", "{44CEF839-FE10-4B81-9644-66675A3EE940}"
EndProject
Global
	GlobalSection(SolutionConfigurationPlatforms) = preSolution
		Debug|Any CPU = Debug|Any CPU
		Release|Any CPU = Release|Any CPU
	EndGlobalSection
	GlobalSection(ProjectConfigurationPlatforms) = postSolution
		{21FB6DCC-A600-4E8F-9709-E4DC7F160EC4}.Debug|Any CPU.ActiveCfg = Debug|Any CPU
		{21FB6DCC-A600-4E8F-9709-E4DC7F160EC4}.Debug|Any CPU.Build.0 = Debug|Any CPU
		{21FB6DCC-A600-4E8F-9709-E4DC7F160EC4}.Release|Any CPU.ActiveCfg = Release|Any CPU
		{21FB6DCC-A600-4E8F-9709-E4DC7F160EC4}.Release|Any CPU.Build.0 = Release|Any CPU
		{44CEF839-FE10-4B81-9644-66675A3EE940}.Debug|Any CPU.ActiveCfg = Debug|Any CPU
		{44CEF839-FE10-4B81-9644-66675A3EE940}.Debug|Any CPU.Build.0 = Debug|Any CPU
		{44CEF839-FE10-4B81-9644-66675A3EE940}.Release|Any CPU.ActiveCfg = Release|Any CPU
		{44CEF839-FE10-4B81-9644-66675A3EE940}.Release|Any CPU.Build.0 = Release|Any CPU
	EndGlobalSection
	GlobalSection(SolutionProperties) = preSolution
		HideSolutionNode = FALSE
	EndGlobalSection
	GlobalSection(ExtensibilityGlobals) = postSolution
		SolutionGuid = {E245F15F-E04D-45FE-A614-41F70BEDD61E}
	EndGlobalSection
EndGlobal
