
Microsoft Visual Studio Solution File, Format Version 12.00
# Visual Studio Version 16
VisualStudioVersion = 16.0.29306.81
MinimumVisualStudioVersion = 10.0.40219.1
Project("{FAE04EC0-301F-11D3-BF4B-00C04F79EFBC}") = "Aspektorientiertes_Programmieren_Demo", "Aspektorientiertes_Programmieren_Demo\Aspektorientiertes_Programmieren_Demo.csproj", "{2F18FA4F-CFA4-497D-9CBA-5FCB8829DD3B}"
EndProject
Global
	GlobalSection(SolutionConfigurationPlatforms) = preSolution
		Debug|Any CPU = Debug|Any CPU
		Release|Any CPU = Release|Any CPU
	EndGlobalSection
	GlobalSection(ProjectConfigurationPlatforms) = postSolution
		{2F18FA4F-CFA4-497D-9CBA-5FCB8829DD3B}.Debug|Any CPU.ActiveCfg = Debug|Any CPU
		{2F18FA4F-CFA4-497D-9CBA-5FCB8829DD3B}.Debug|Any CPU.Build.0 = Debug|Any CPU
		{2F18FA4F-CFA4-497D-9CBA-5FCB8829DD3B}.Release|Any CPU.ActiveCfg = Release|Any CPU
		{2F18FA4F-CFA4-497D-9CBA-5FCB8829DD3B}.Release|Any CPU.Build.0 = Release|Any CPU
	EndGlobalSection
	GlobalSection(SolutionProperties) = preSolution
		HideSolutionNode = FALSE
	EndGlobalSection
	GlobalSection(ExtensibilityGlobals) = postSolution
		SolutionGuid = {BD97B3CA-9C4E-497E-A88A-D6124B976C14}
	EndGlobalSection
EndGlobal
